
Microsoft Visual Studio Solution File, Format Version 12.00
# Visual Studio Version 16
VisualStudioVersion = 16.0.30621.155
MinimumVisualStudioVersion = 10.0.40219.1
Project("{FAE04EC0-301F-11D3-BF4B-00C04F79EFBC}") = "MazePictureGeneration", "MazePictureGeneration\MazePictureGeneration.csproj", "{DC2A6439-DA51-4029-B4CC-A4B7A50E3BA7}"
EndProject
Global
	GlobalSection(SolutionConfigurationPlatforms) = preSolution
		Debug|Any CPU = Debug|Any CPU
		Release|Any CPU = Release|Any CPU
	EndGlobalSection
	GlobalSection(ProjectConfigurationPlatforms) = postSolution
		{DC2A6439-DA51-4029-B4CC-A4B7A50E3BA7}.Debug|Any CPU.ActiveCfg = Debug|Any CPU
		{DC2A6439-DA51-4029-B4CC-A4B7A50E3BA7}.Debug|Any CPU.Build.0 = Debug|Any CPU
		{DC2A6439-DA51-4029-B4CC-A4B7A50E3BA7}.Release|Any CPU.ActiveCfg = Release|Any CPU
		{DC2A6439-DA51-4029-B4CC-A4B7A50E3BA7}.Release|Any CPU.Build.0 = Release|Any CPU
	EndGlobalSection
	GlobalSection(SolutionProperties) = preSolution
		HideSolutionNode = FALSE
	EndGlobalSection
	GlobalSection(ExtensibilityGlobals) = postSolution
		SolutionGuid = {BBA676AB-5441-4548-AEAE-D340D550E92E}
	EndGlobalSection
EndGlobal
